
Microsoft Visual Studio Solution File, Format Version 12.00
# Visual Studio 15
VisualStudioVersion = 15.0.28010.2046
MinimumVisualStudioVersion = 10.0.40219.1
Project("{FAE04EC0-301F-11D3-BF4B-00C04F79EFBC}") = "eStore", "eStore\eStore.csproj", "{A56E6A4D-84B8-4B51-9DE0-950B3677053E}"
EndProject
Global
	GlobalSection(SolutionConfigurationPlatforms) = preSolution
		Debug|Any CPU = Debug|Any CPU
		Release|Any CPU = Release|Any CPU
	EndGlobalSection
	GlobalSection(ProjectConfigurationPlatforms) = postSolution
		{A56E6A4D-84B8-4B51-9DE0-950B3677053E}.Debug|Any CPU.ActiveCfg = Debug|Any CPU
		{A56E6A4D-84B8-4B51-9DE0-950B3677053E}.Debug|Any CPU.Build.0 = Debug|Any CPU
		{A56E6A4D-84B8-4B51-9DE0-950B3677053E}.Release|Any CPU.ActiveCfg = Release|Any CPU
		{A56E6A4D-84B8-4B51-9DE0-950B3677053E}.Release|Any CPU.Build.0 = Release|Any CPU
	EndGlobalSection
	GlobalSection(SolutionProperties) = preSolution
		HideSolutionNode = FALSE
	EndGlobalSection
	GlobalSection(ExtensibilityGlobals) = postSolution
		SolutionGuid = {733D8A29-80B3-4FCE-B39D-9EA3B62C8AB5}
	EndGlobalSection
EndGlobal
